
Microsoft Visual Studio Solution File, Format Version 12.00
# Visual Studio Version 17
VisualStudioVersion = 17.6.33723.286
MinimumVisualStudioVersion = 10.0.40219.1
Project("{FAE04EC0-301F-11D3-BF4B-00C04F79EFBC}") = "MyNotePad31", "MyNotePad31\MyNotePad31.csproj", "{A2E0686A-50D7-48AA-AE02-B8CC423D9C05}"
EndProject
Global
	GlobalSection(SolutionConfigurationPlatforms) = preSolution
		Debug|Any CPU = Debug|Any CPU
		Release|Any CPU = Release|Any CPU
	EndGlobalSection
	GlobalSection(ProjectConfigurationPlatforms) = postSolution
		{A2E0686A-50D7-48AA-AE02-B8CC423D9C05}.Debug|Any CPU.ActiveCfg = Debug|Any CPU
		{A2E0686A-50D7-48AA-AE02-B8CC423D9C05}.Debug|Any CPU.Build.0 = Debug|Any CPU
		{A2E0686A-50D7-48AA-AE02-B8CC423D9C05}.Release|Any CPU.ActiveCfg = Release|Any CPU
		{A2E0686A-50D7-48AA-AE02-B8CC423D9C05}.Release|Any CPU.Build.0 = Release|Any CPU
	EndGlobalSection
	GlobalSection(SolutionProperties) = preSolution
		HideSolutionNode = FALSE
	EndGlobalSection
	GlobalSection(ExtensibilityGlobals) = postSolution
		SolutionGuid = {6BE6351E-611C-4574-A5F4-43E38B422E01}
	EndGlobalSection
EndGlobal
